// !$*UTF8*$!
{
	archiveVersion = 1;
	classes = {
	};
	objectVersion = 46;
	objects = {

/* Begin PBXBuildFile section */
		65823A3F5D514CC89FA0D94D /* libPods-Polygons.a in Frameworks */ = {isa = PBXBuildFile; fileRef = 9051F25EFB5ADEC87BD529D1 /* libPods-Polygons.a */; };
		7D57691D1F4C303600C4792B /* Settings.bundle in Resources */ = {isa = PBXBuildFile; fileRef = 7D57691C1F4C303600C4792B /* Settings.bundle */; };
		7D57691F1F4C321400C4792B /* polygons.json in Resources */ = {isa = PBXBuildFile; fileRef = 7D57691E1F4C321400C4792B /* polygons.json */; };
		7DB9D06D1F4C2B3300D5612D /* main.m in Sources */ = {isa = PBXBuildFile; fileRef = 7DB9D06C1F4C2B3300D5612D /* main.m */; };
		7DB9D0701F4C2B3300D5612D /* AppDelegate.m in Sources */ = {isa = PBXBuildFile; fileRef = 7DB9D06F1F4C2B3300D5612D /* AppDelegate.m */; };
		7DB9D0731F4C2B3300D5612D /* ViewController.m in Sources */ = {isa = PBXBuildFile; fileRef = 7DB9D0721F4C2B3300D5612D /* ViewController.m */; };
		7DB9D0761F4C2B3300D5612D /* Main.storyboard in Resources */ = {isa = PBXBuildFile; fileRef = 7DB9D0741F4C2B3300D5612D /* Main.storyboard */; };
		7DB9D0791F4C2B3300D5612D /* Polygons.xcdatamodeld in Sources */ = {isa = PBXBuildFile; fileRef = 7DB9D0771F4C2B3300D5612D /* Polygons.xcdatamodeld */; };
		7DB9D07B1F4C2B3300D5612D /* Assets.xcassets in Resources */ = {isa = PBXBuildFile; fileRef = 7DB9D07A1F4C2B3300D5612D /* Assets.xcassets */; };
		7DB9D07E1F4C2B3300D5612D /* LaunchScreen.storyboard in Resources */ = {isa = PBXBuildFile; fileRef = 7DB9D07C1F4C2B3300D5612D /* LaunchScreen.storyboard */; };
/* End PBXBuildFile section */

/* Begin PBXFileReference section */
		7D57691C1F4C303600C4792B /* Settings.bundle */ = {isa = PBXFileReference; lastKnownFileType = "wrapper.plug-in"; path = Settings.bundle; sourceTree = "<group>"; };
		7D57691E1F4C321400C4792B /* polygons.json */ = {isa = PBXFileReference; fileEncoding = 4; lastKnownFileType = text.json; path = polygons.json; sourceTree = "<group>"; };
		7DB9D0681F4C2B3300D5612D /* Polygons.app */ = {isa = PBXFileReference; explicitFileType = wrapper.application; includeInIndex = 0; path = Polygons.app; sourceTree = BUILT_PRODUCTS_DIR; };
		7DB9D06C1F4C2B3300D5612D /* main.m */ = {isa = PBXFileReference; lastKnownFileType = sourcecode.c.objc; path = main.m; sourceTree = "<group>"; };
		7DB9D06E1F4C2B3300D5612D /* AppDelegate.h */ = {isa = PBXFileReference; lastKnownFileType = sourcecode.c.h; path = AppDelegate.h; sourceTree = "<group>"; };
		7DB9D06F1F4C2B3300D5612D /* AppDelegate.m */ = {isa = PBXFileReference; lastKnownFileType = sourcecode.c.objc; path = AppDelegate.m; sourceTree = "<group>"; };
		7DB9D0711F4C2B3300D5612D /* ViewController.h */ = {isa = PBXFileReference; lastKnownFileType = sourcecode.c.h; path = ViewController.h; sourceTree = "<group>"; };
		7DB9D0721F4C2B3300D5612D /* ViewController.m */ = {isa = PBXFileReference; lastKnownFileType = sourcecode.c.objc; path = ViewController.m; sourceTree = "<group>"; };
		7DB9D0751F4C2B3300D5612D /* Base */ = {isa = PBXFileReference; lastKnownFileType = file.storyboard; name = Base; path = Base.lproj/Main.storyboard; sourceTree = "<group>"; };
		7DB9D0781F4C2B3300D5612D /* Polygons.xcdatamodel */ = {isa = PBXFileReference; lastKnownFileType = wrapper.xcdatamodel; path = Polygons.xcdatamodel; sourceTree = "<group>"; };
		7DB9D07A1F4C2B3300D5612D /* Assets.xcassets */ = {isa = PBXFileReference; lastKnownFileType = folder.assetcatalog; path = Assets.xcassets; sourceTree = "<group>"; };
		7DB9D07D1F4C2B3300D5612D /* Base */ = {isa = PBXFileReference; lastKnownFileType = file.storyboard; name = Base; path = Base.lproj/LaunchScreen.storyboard; sourceTree = "<group>"; };
		7DB9D07F1F4C2B3300D5612D /* Info.plist */ = {isa = PBXFileReference; lastKnownFileType = text.plist.xml; path = Info.plist; sourceTree = "<group>"; };
		9051F25EFB5ADEC87BD529D1 /* libPods-Polygons.a */ = {isa = PBXFileReference; explicitFileType = archive.ar; includeInIndex = 0; path = "libPods-Polygons.a"; sourceTree = BUILT_PRODUCTS_DIR; };
		EB374B9451A836491A44199B /* Pods-Polygons.debug.xcconfig */ = {isa = PBXFileReference; includeInIndex = 1; lastKnownFileType = text.xcconfig; name = "Pods-Polygons.debug.xcconfig"; path = "Pods/Target Support Files/Pods-Polygons/Pods-Polygons.debug.xcconfig"; sourceTree = "<group>"; };
		FC6BE3F7DCCD92C9F0A7D20C /* Pods-Polygons.release.xcconfig */ = {isa = PBXFileReference; includeInIndex = 1; lastKnownFileType = text.xcconfig; name = "Pods-Polygons.release.xcconfig"; path = "Pods/Target Support Files/Pods-Polygons/Pods-Polygons.release.xcconfig"; sourceTree = "<group>"; };
/* End PBXFileReference section */

/* Begin PBXFrameworksBuildPhase section */
		7DB9D0651F4C2B3300D5612D /* Frameworks */ = {
			isa = PBXFrameworksBuildPhase;
			buildActionMask = 2147483647;
			files = (
				65823A3F5D514CC89FA0D94D /* libPods-Polygons.a in Frameworks */,
			);
			runOnlyForDeploymentPostprocessing = 0;
		};
/* End PBXFrameworksBuildPhase section */

/* Begin PBXGroup section */
		0405548535F0BCE176D47337 /* Pods */ = {
			isa = PBXGroup;
			children = (
				EB374B9451A836491A44199B /* Pods-Polygons.debug.xcconfig */,
				FC6BE3F7DCCD92C9F0A7D20C /* Pods-Polygons.release.xcconfig */,
			);
			name = Pods;
			sourceTree = "<group>";
		};
		3F8DDA16E01B6828133B6C55 /* Frameworks */ = {
			isa = PBXGroup;
			children = (
				9051F25EFB5ADEC87BD529D1 /* libPods-Polygons.a */,
			);
			name = Frameworks;
			sourceTree = "<group>";
		};
		7D57691B1F4C2FEB00C4792B /* Resources */ = {
			isa = PBXGroup;
			children = (
				7D57691E1F4C321400C4792B /* polygons.json */,
				7D57691C1F4C303600C4792B /* Settings.bundle */,
			);
			path = Resources;
			sourceTree = "<group>";
		};
		7DB9D05F1F4C2B3200D5612D = {
			isa = PBXGroup;
			children = (
				7DB9D06A1F4C2B3300D5612D /* Polygons */,
				7DB9D0691F4C2B3300D5612D /* Products */,
				0405548535F0BCE176D47337 /* Pods */,
				3F8DDA16E01B6828133B6C55 /* Frameworks */,
			);
			sourceTree = "<group>";
		};
		7DB9D0691F4C2B3300D5612D /* Products */ = {
			isa = PBXGroup;
			children = (
				7DB9D0681F4C2B3300D5612D /* Polygons.app */,
			);
			name = Products;
			sourceTree = "<group>";
		};
		7DB9D06A1F4C2B3300D5612D /* Polygons */ = {
			isa = PBXGroup;
			children = (
				7D57691B1F4C2FEB00C4792B /* Resources */,
				7DB9D06E1F4C2B3300D5612D /* AppDelegate.h */,
				7DB9D06F1F4C2B3300D5612D /* AppDelegate.m */,
				7DB9D0711F4C2B3300D5612D /* ViewController.h */,
				7DB9D0721F4C2B3300D5612D /* ViewController.m */,
				7DB9D0741F4C2B3300D5612D /* Main.storyboard */,
				7DB9D07A1F4C2B3300D5612D /* Assets.xcassets */,
				7DB9D07C1F4C2B3300D5612D /* LaunchScreen.storyboard */,
				7DB9D07F1F4C2B3300D5612D /* Info.plist */,
				7DB9D0771F4C2B3300D5612D /* Polygons.xcdatamodeld */,
				7DB9D06B1F4C2B3300D5612D /* Supporting Files */,
			);
			path = Polygons;
			sourceTree = "<group>";
		};
		7DB9D06B1F4C2B3300D5612D /* Supporting Files */ = {
			isa = PBXGroup;
			children = (
				7DB9D06C1F4C2B3300D5612D /* main.m */,
			);
			name = "Supporting Files";
			sourceTree = "<group>";
		};
/* End PBXGroup section */

/* Begin PBXNativeTarget section */
		7DB9D0671F4C2B3300D5612D /* Polygons */ = {
			isa = PBXNativeTarget;
			buildConfigurationList = 7DB9D0821F4C2B3300D5612D /* Build configuration list for PBXNativeTarget "Polygons" */;
			buildPhases = (
				3B7D5B51783C13CC28028160 /* [CP] Check Pods Manifest.lock */,
				7DB9D0641F4C2B3300D5612D /* Sources */,
				7DB9D0651F4C2B3300D5612D /* Frameworks */,
				7DB9D0661F4C2B3300D5612D /* Resources */,
				FA08FF7F03B3F1AB81DC808A /* [CP] Embed Pods Frameworks */,
			);
			buildRules = (
			);
			dependencies = (
			);
			name = Polygons;
			productName = Polygons;
			productReference = 7DB9D0681F4C2B3300D5612D /* Polygons.app */;
			productType = "com.apple.product-type.application";
		};
/* End PBXNativeTarget section */

/* Begin PBXProject section */
		7DB9D0601F4C2B3200D5612D /* Project object */ = {
			isa = PBXProject;
			attributes = {
				LastUpgradeCheck = 1010;
				ORGANIZATIONNAME = "Singapore Land Authority";
				TargetAttributes = {
					7DB9D0671F4C2B3300D5612D = {
						CreatedOnToolsVersion = 8.3.3;
						ProvisioningStyle = Automatic;
					};
				};
			};
			buildConfigurationList = 7DB9D0631F4C2B3200D5612D /* Build configuration list for PBXProject "Polygons" */;
			compatibilityVersion = "Xcode 3.2";
			developmentRegion = English;
			hasScannedForEncodings = 0;
			knownRegions = (
				en,
				Base,
			);
			mainGroup = 7DB9D05F1F4C2B3200D5612D;
			productRefGroup = 7DB9D0691F4C2B3300D5612D /* Products */;
			projectDirPath = "";
			projectRoot = "";
			targets = (
				7DB9D0671F4C2B3300D5612D /* Polygons */,
			);
		};
/* End PBXProject section */

/* Begin PBXResourcesBuildPhase section */
		7DB9D0661F4C2B3300D5612D /* Resources */ = {
			isa = PBXResourcesBuildPhase;
			buildActionMask = 2147483647;
			files = (
				7D57691D1F4C303600C4792B /* Settings.bundle in Resources */,
				7DB9D07E1F4C2B3300D5612D /* LaunchScreen.storyboard in Resources */,
				7DB9D07B1F4C2B3300D5612D /* Assets.xcassets in Resources */,
				7DB9D0761F4C2B3300D5612D /* Main.storyboard in Resources */,
				7D57691F1F4C321400C4792B /* polygons.json in Resources */,
			);
			runOnlyForDeploymentPostprocessing = 0;
		};
/* End PBXResourcesBuildPhase section */

/* Begin PBXShellScriptBuildPhase section */
		3B7D5B51783C13CC28028160 /* [CP] Check Pods Manifest.lock */ = {
			isa = PBXShellScriptBuildPhase;
			buildActionMask = 2147483647;
			files = (
			);
			inputPaths = (
				"${PODS_PODFILE_DIR_PATH}/Podfile.lock",
				"${PODS_ROOT}/Manifest.lock",
			);
			name = "[CP] Check Pods Manifest.lock";
			outputPaths = (
				"$(DERIVED_FILE_DIR)/Pods-Polygons-checkManifestLockResult.txt",
			);
			runOnlyForDeploymentPostprocessing = 0;
			shellPath = /bin/sh;
			shellScript = "diff \"${PODS_PODFILE_DIR_PATH}/Podfile.lock\" \"${PODS_ROOT}/Manifest.lock\" > /dev/null\nif [ $? != 0 ] ; then\n    # print error to STDERR\n    echo \"error: The sandbox is not in sync with the Podfile.lock. Run 'pod install' or update your CocoaPods installation.\" >&2\n    exit 1\nfi\n# This output is used by Xcode 'outputs' to avoid re-running this script phase.\necho \"SUCCESS\" > \"${SCRIPT_OUTPUT_FILE_0}\"\n";
			showEnvVarsInLog = 0;
		};
		FA08FF7F03B3F1AB81DC808A /* [CP] Embed Pods Frameworks */ = {
			isa = PBXShellScriptBuildPhase;
			buildActionMask = 2147483647;
			files = (
			);
			inputPaths = (
				"${SRCROOT}/Pods/Target Support Files/Pods-Polygons/Pods-Polygons-frameworks.sh",
				"${PODS_ROOT}/Mapbox-iOS-SDK/dynamic/Mapbox.framework",
				"${PODS_ROOT}/Mapbox-iOS-SDK/dynamic/Mapbox.framework.dSYM",
			);
			name = "[CP] Embed Pods Frameworks";
			outputPaths = (
				"${TARGET_BUILD_DIR}/${FRAMEWORKS_FOLDER_PATH}/Mapbox.framework",
				"${DWARF_DSYM_FOLDER_PATH}/Mapbox.framework.dSYM",
			);
			runOnlyForDeploymentPostprocessing = 0;
			shellPath = /bin/sh;
			shellScript = "\"${SRCROOT}/Pods/Target Support Files/Pods-Polygons/Pods-Polygons-frameworks.sh\"\n";
			showEnvVarsInLog = 0;
		};
/* End PBXShellScriptBuildPhase section */

/* Begin PBXSourcesBuildPhase section */
		7DB9D0641F4C2B3300D5612D /* Sources */ = {
			isa = PBXSourcesBuildPhase;
			buildActionMask = 2147483647;
			files = (
				7DB9D0791F4C2B3300D5612D /* Polygons.xcdatamodeld in Sources */,
				7DB9D0731F4C2B3300D5612D /* ViewController.m in Sources */,
				7DB9D0701F4C2B3300D5612D /* AppDelegate.m in Sources */,
				7DB9D06D1F4C2B3300D5612D /* main.m in Sources */,
			);
			runOnlyForDeploymentPostprocessing = 0;
		};
/* End PBXSourcesBuildPhase section */

/* Begin PBXVariantGroup section */
		7DB9D0741F4C2B3300D5612D /* Main.storyboard */ = {
			isa = PBXVariantGroup;
			children = (
				7DB9D0751F4C2B3300D5612D /* Base */,
			);
			name = Main.storyboard;
			sourceTree = "<group>";
		};
		7DB9D07C1F4C2B3300D5612D /* LaunchScreen.storyboard */ = {
			isa = PBXVariantGroup;
			children = (
				7DB9D07D1F4C2B3300D5612D /* Base */,
			);
			name = LaunchScreen.storyboard;
			sourceTree = "<group>";
		};
/* End PBXVariantGroup section */

/* Begin XCBuildConfiguration section */
		7DB9D0801F4C2B3300D5612D /* Debug */ = {
			isa = XCBuildConfiguration;
			buildSettings = {
				ALWAYS_SEARCH_USER_PATHS = NO;
				CLANG_ANALYZER_NONNULL = YES;
				CLANG_ANALYZER_NUMBER_OBJECT_CONVERSION = YES_AGGRESSIVE;
				CLANG_CXX_LANGUAGE_STANDARD = "gnu++0x";
				CLANG_CXX_LIBRARY = "libc++";
				CLANG_ENABLE_MODULES = YES;
				CLANG_ENABLE_OBJC_ARC = YES;
				CLANG_WARN_BLOCK_CAPTURE_AUTORELEASING = YES;
				CLANG_WARN_BOOL_CONVERSION = YES;
				CLANG_WARN_COMMA = YES;
				CLANG_WARN_CONSTANT_CONVERSION = YES;
				CLANG_WARN_DEPRECATED_OBJC_IMPLEMENTATIONS = YES;
				CLANG_WARN_DIRECT_OBJC_ISA_USAGE = YES_ERROR;
				CLANG_WARN_DOCUMENTATION_COMMENTS = YES;
				CLANG_WARN_EMPTY_BODY = YES;
				CLANG_WARN_ENUM_CONVERSION = YES;
				CLANG_WARN_INFINITE_RECURSION = YES;
				CLANG_WARN_INT_CONVERSION = YES;
				CLANG_WARN_NON_LITERAL_NULL_CONVERSION = YES;
				CLANG_WARN_OBJC_IMPLICIT_RETAIN_SELF = YES;
				CLANG_WARN_OBJC_LITERAL_CONVERSION = YES;
				CLANG_WARN_OBJC_ROOT_CLASS = YES_ERROR;
				CLANG_WARN_RANGE_LOOP_ANALYSIS = YES;
				CLANG_WARN_STRICT_PROTOTYPES = YES;
				CLANG_WARN_SUSPICIOUS_MOVE = YES;
				CLANG_WARN_UNREACHABLE_CODE = YES;
				CLANG_WARN__DUPLICATE_METHOD_MATCH = YES;
				"CODE_SIGN_IDENTITY[sdk=iphoneos*]" = "iPhone Developer";
				COPY_PHASE_STRIP = NO;
				DEBUG_INFORMATION_FORMAT = dwarf;
				ENABLE_STRICT_OBJC_MSGSEND = YES;
				ENABLE_TESTABILITY = YES;
				GCC_C_LANGUAGE_STANDARD = gnu99;
				GCC_DYNAMIC_NO_PIC = NO;
				GCC_NO_COMMON_BLOCKS = YES;
				GCC_OPTIMIZATION_LEVEL = 0;
				GCC_PREPROCESSOR_DEFINITIONS = (
					"DEBUG=1",
					"$(inherited)",
				);
				GCC_WARN_64_TO_32_BIT_CONVERSION = YES;
				GCC_WARN_ABOUT_RETURN_TYPE = YES_ERROR;
				GCC_WARN_UNDECLARED_SELECTOR = YES;
				GCC_WARN_UNINITIALIZED_AUTOS = YES_AGGRESSIVE;
				GCC_WARN_UNUSED_FUNCTION = YES;
				GCC_WARN_UNUSED_VARIABLE = YES;
				IPHONEOS_DEPLOYMENT_TARGET = 10.3;
				MTL_ENABLE_DEBUG_INFO = YES;
				ONLY_ACTIVE_ARCH = YES;
				SDKROOT = iphoneos;
				TARGETED_DEVICE_FAMILY = "1,2";
			};
			name = Debug;
		};
		7DB9D0811F4C2B3300D5612D /* Release */ = {
			isa = XCBuildConfiguration;
			buildSettings = {
				ALWAYS_SEARCH_USER_PATHS = NO;
				CLANG_ANALYZER_NONNULL = YES;
				CLANG_ANALYZER_NUMBER_OBJECT_CONVERSION = YES_AGGRESSIVE;
				CLANG_CXX_LANGUAGE_STANDARD = "gnu++0x";
				CLANG_CXX_LIBRARY = "libc++";
				CLANG_ENABLE_MODULES = YES;
				CLANG_ENABLE_OBJC_ARC = YES;
				CLANG_WARN_BLOCK_CAPTURE_AUTORELEASING = YES;
				CLANG_WARN_BOOL_CONVERSION = YES;
				CLANG_WARN_COMMA = YES;
				CLANG_WARN_CONSTANT_CONVERSION = YES;
				CLANG_WARN_DEPRECATED_OBJC_IMPLEMENTATIONS = YES;
				CLANG_WARN_DIRECT_OBJC_ISA_USAGE = YES_ERROR;
				CLANG_WARN_DOCUMENTATION_COMMENTS = YES;
				CLANG_WARN_EMPTY_BODY = YES;
				CLANG_WARN_ENUM_CONVERSION = YES;
				CLANG_WARN_INFINITE_RECURSION = YES;
				CLANG_WARN_INT_CONVERSION = YES;
				CLANG_WARN_NON_LITERAL_NULL_CONVERSION = YES;
				CLANG_WARN_OBJC_IMPLICIT_RETAIN_SELF = YES;
				CLANG_WARN_OBJC_LITERAL_CONVERSION = YES;
				CLANG_WARN_OBJC_ROOT_CLASS = YES_ERROR;
				CLANG_WARN_RANGE_LOOP_ANALYSIS = YES;
				CLANG_WARN_STRICT_PROTOTYPES = YES;
				CLANG_WARN_SUSPICIOUS_MOVE = YES;
				CLANG_WARN_UNREACHABLE_CODE = YES;
				CLANG_WARN__DUPLICATE_METHOD_MATCH = YES;
				"CODE_SIGN_IDENTITY[sdk=iphoneos*]" = "iPhone Developer";
				COPY_PHASE_STRIP = NO;
				DEBUG_INFORMATION_FORMAT = "dwarf-with-dsym";
				ENABLE_NS_ASSERTIONS = NO;
				ENABLE_STRICT_OBJC_MSGSEND = YES;
				GCC_C_LANGUAGE_STANDARD = gnu99;
				GCC_NO_COMMON_BLOCKS = YES;
				GCC_WARN_64_TO_32_BIT_CONVERSION = YES;
				GCC_WARN_ABOUT_RETURN_TYPE = YES_ERROR;
				GCC_WARN_UNDECLARED_SELECTOR = YES;
				GCC_WARN_UNINITIALIZED_AUTOS = YES_AGGRESSIVE;
				GCC_WARN_UNUSED_FUNCTION = YES;
				GCC_WARN_UNUSED_VARIABLE = YES;
				IPHONEOS_DEPLOYMENT_TARGET = 10.3;
				MTL_ENABLE_DEBUG_INFO = NO;
				SDKROOT = iphoneos;
				TARGETED_DEVICE_FAMILY = "1,2";
				VALIDATE_PRODUCT = YES;
			};
			name = Release;
		};
		7DB9D0831F4C2B3300D5612D /* Debug */ = {
			isa = XCBuildConfiguration;
			baseConfigurationReference = EB374B9451A836491A44199B /* Pods-Polygons.debug.xcconfig */;
			buildSettings = {
				ASSETCATALOG_COMPILER_APPICON_NAME = AppIcon;
				DEVELOPMENT_TEAM = "";
				INFOPLIST_FILE = Polygons/Info.plist;
				IPHONEOS_DEPLOYMENT_TARGET = 8.1;
				LD_RUNPATH_SEARCH_PATHS = "$(inherited) @executable_path/Frameworks";
				PRODUCT_BUNDLE_IDENTIFIER = sg.onemap.examples.ios.polygons;
				PRODUCT_NAME = "$(TARGET_NAME)";
			};
			name = Debug;
		};
		7DB9D0841F4C2B3300D5612D /* Release */ = {
			isa = XCBuildConfiguration;
			baseConfigurationReference = FC6BE3F7DCCD92C9F0A7D20C /* Pods-Polygons.release.xcconfig */;
			buildSettings = {
				ASSETCATALOG_COMPILER_APPICON_NAME = AppIcon;
				DEVELOPMENT_TEAM = "";
				INFOPLIST_FILE = Polygons/Info.plist;
				IPHONEOS_DEPLOYMENT_TARGET = 8.1;
				LD_RUNPATH_SEARCH_PATHS = "$(inherited) @executable_path/Frameworks";
				PRODUCT_BUNDLE_IDENTIFIER = sg.onemap.examples.ios.polygons;
				PRODUCT_NAME = "$(TARGET_NAME)";
			};
			name = Release;
		};
/* End XCBuildConfiguration section */

/* Begin XCConfigurationList section */
		7DB9D0631F4C2B3200D5612D /* Build configuration list for PBXProject "Polygons" */ = {
			isa = XCConfigurationList;
			buildConfigurations = (
				7DB9D0801F4C2B3300D5612D /* Debug */,
				7DB9D0811F4C2B3300D5612D /* Release */,
			);
			defaultConfigurationIsVisible = 0;
			defaultConfigurationName = Release;
		};
		7DB9D0821F4C2B3300D5612D /* Build configuration list for PBXNativeTarget "Polygons" */ = {
			isa = XCConfigurationList;
			buildConfigurations = (
				7DB9D0831F4C2B3300D5612D /* Debug */,
				7DB9D0841F4C2B3300D5612D /* Release */,
			);
			defaultConfigurationIsVisible = 0;
			defaultConfigurationName = Release;
		};
/* End XCConfigurationList section */

/* Begin XCVersionGroup section */
		7DB9D0771F4C2B3300D5612D /* Polygons.xcdatamodeld */ = {
			isa = XCVersionGroup;
			children = (
				7DB9D0781F4C2B3300D5612D /* Polygons.xcdatamodel */,
			);
			currentVersion = 7DB9D0781F4C2B3300D5612D /* Polygons.xcdatamodel */;
			path = Polygons.xcdatamodeld;
			sourceTree = "<group>";
			versionGroupType = wrapper.xcdatamodel;
		};
/* End XCVersionGroup section */
	};
	rootObject = 7DB9D0601F4C2B3200D5612D /* Project object */;
}
