// !$*UTF8*$!
{
	archiveVersion = 1;
	classes = {
	};
	objectVersion = 46;
	objects = {

/* Begin PBXBuildFile section */
		7D480C811DEE60E400F5A716 /* main.m in Sources */ = {isa = PBXBuildFile; fileRef = 7D480C801DEE60E400F5A716 /* main.m */; };
		7D480C841DEE60E400F5A716 /* AppDelegate.m in Sources */ = {isa = PBXBuildFile; fileRef = 7D480C831DEE60E400F5A716 /* AppDelegate.m */; };
		7D480C871DEE60E400F5A716 /* ViewController.m in Sources */ = {isa = PBXBuildFile; fileRef = 7D480C861DEE60E400F5A716 /* ViewController.m */; };
		7D480C8A1DEE60E400F5A716 /* Main.storyboard in Resources */ = {isa = PBXBuildFile; fileRef = 7D480C881DEE60E400F5A716 /* Main.storyboard */; };
		7D480C8D1DEE60E400F5A716 /* Maps.xcdatamodeld in Sources */ = {isa = PBXBuildFile; fileRef = 7D480C8B1DEE60E400F5A716 /* Maps.xcdatamodeld */; };
		7D480C8F1DEE60E400F5A716 /* Assets.xcassets in Resources */ = {isa = PBXBuildFile; fileRef = 7D480C8E1DEE60E400F5A716 /* Assets.xcassets */; };
		7D480C921DEE60E400F5A716 /* LaunchScreen.storyboard in Resources */ = {isa = PBXBuildFile; fileRef = 7D480C901DEE60E400F5A716 /* LaunchScreen.storyboard */; };
		C36F6E9BA3546C1F0C7484A0 /* libPods-Maps.a in Frameworks */ = {isa = PBXBuildFile; fileRef = CE470A7843A329C37233BA4B /* libPods-Maps.a */; };
/* End PBXBuildFile section */

/* Begin PBXFileReference section */
		0DEDA8B9BD7F8AC6F0DA69FE /* Pods-Maps.debug.xcconfig */ = {isa = PBXFileReference; includeInIndex = 1; lastKnownFileType = text.xcconfig; name = "Pods-Maps.debug.xcconfig"; path = "Pods/Target Support Files/Pods-Maps/Pods-Maps.debug.xcconfig"; sourceTree = "<group>"; };
		7D480C7C1DEE60E400F5A716 /* Maps.app */ = {isa = PBXFileReference; explicitFileType = wrapper.application; includeInIndex = 0; path = Maps.app; sourceTree = BUILT_PRODUCTS_DIR; };
		7D480C801DEE60E400F5A716 /* main.m */ = {isa = PBXFileReference; lastKnownFileType = sourcecode.c.objc; path = main.m; sourceTree = "<group>"; };
		7D480C821DEE60E400F5A716 /* AppDelegate.h */ = {isa = PBXFileReference; lastKnownFileType = sourcecode.c.h; path = AppDelegate.h; sourceTree = "<group>"; };
		7D480C831DEE60E400F5A716 /* AppDelegate.m */ = {isa = PBXFileReference; lastKnownFileType = sourcecode.c.objc; path = AppDelegate.m; sourceTree = "<group>"; };
		7D480C851DEE60E400F5A716 /* ViewController.h */ = {isa = PBXFileReference; lastKnownFileType = sourcecode.c.h; path = ViewController.h; sourceTree = "<group>"; };
		7D480C861DEE60E400F5A716 /* ViewController.m */ = {isa = PBXFileReference; lastKnownFileType = sourcecode.c.objc; path = ViewController.m; sourceTree = "<group>"; };
		7D480C891DEE60E400F5A716 /* Base */ = {isa = PBXFileReference; lastKnownFileType = file.storyboard; name = Base; path = Base.lproj/Main.storyboard; sourceTree = "<group>"; };
		7D480C8C1DEE60E400F5A716 /* Maps.xcdatamodel */ = {isa = PBXFileReference; lastKnownFileType = wrapper.xcdatamodel; path = Maps.xcdatamodel; sourceTree = "<group>"; };
		7D480C8E1DEE60E400F5A716 /* Assets.xcassets */ = {isa = PBXFileReference; lastKnownFileType = folder.assetcatalog; path = Assets.xcassets; sourceTree = "<group>"; };
		7D480C911DEE60E400F5A716 /* Base */ = {isa = PBXFileReference; lastKnownFileType = file.storyboard; name = Base; path = Base.lproj/LaunchScreen.storyboard; sourceTree = "<group>"; };
		7D480C931DEE60E400F5A716 /* Info.plist */ = {isa = PBXFileReference; lastKnownFileType = text.plist.xml; path = Info.plist; sourceTree = "<group>"; };
		C50F939751A180A997F3B8A8 /* Pods-Maps.release.xcconfig */ = {isa = PBXFileReference; includeInIndex = 1; lastKnownFileType = text.xcconfig; name = "Pods-Maps.release.xcconfig"; path = "Pods/Target Support Files/Pods-Maps/Pods-Maps.release.xcconfig"; sourceTree = "<group>"; };
		CE470A7843A329C37233BA4B /* libPods-Maps.a */ = {isa = PBXFileReference; explicitFileType = archive.ar; includeInIndex = 0; path = "libPods-Maps.a"; sourceTree = BUILT_PRODUCTS_DIR; };
/* End PBXFileReference section */

/* Begin PBXFrameworksBuildPhase section */
		7D480C791DEE60E400F5A716 /* Frameworks */ = {
			isa = PBXFrameworksBuildPhase;
			buildActionMask = 2147483647;
			files = (
				C36F6E9BA3546C1F0C7484A0 /* libPods-Maps.a in Frameworks */,
			);
			runOnlyForDeploymentPostprocessing = 0;
		};
/* End PBXFrameworksBuildPhase section */

/* Begin PBXGroup section */
		189D07140167324DC6F7DD4A /* Frameworks */ = {
			isa = PBXGroup;
			children = (
				CE470A7843A329C37233BA4B /* libPods-Maps.a */,
			);
			name = Frameworks;
			sourceTree = "<group>";
		};
		3C9518192843F3165D9C4D6B /* Pods */ = {
			isa = PBXGroup;
			children = (
				0DEDA8B9BD7F8AC6F0DA69FE /* Pods-Maps.debug.xcconfig */,
				C50F939751A180A997F3B8A8 /* Pods-Maps.release.xcconfig */,
			);
			name = Pods;
			sourceTree = "<group>";
		};
		7D480C731DEE60E300F5A716 = {
			isa = PBXGroup;
			children = (
				7D480C7E1DEE60E400F5A716 /* Maps */,
				7D480C7D1DEE60E400F5A716 /* Products */,
				3C9518192843F3165D9C4D6B /* Pods */,
				189D07140167324DC6F7DD4A /* Frameworks */,
			);
			sourceTree = "<group>";
		};
		7D480C7D1DEE60E400F5A716 /* Products */ = {
			isa = PBXGroup;
			children = (
				7D480C7C1DEE60E400F5A716 /* Maps.app */,
			);
			name = Products;
			sourceTree = "<group>";
		};
		7D480C7E1DEE60E400F5A716 /* Maps */ = {
			isa = PBXGroup;
			children = (
				7D480C821DEE60E400F5A716 /* AppDelegate.h */,
				7D480C831DEE60E400F5A716 /* AppDelegate.m */,
				7D480C851DEE60E400F5A716 /* ViewController.h */,
				7D480C861DEE60E400F5A716 /* ViewController.m */,
				7D480C881DEE60E400F5A716 /* Main.storyboard */,
				7D480C8E1DEE60E400F5A716 /* Assets.xcassets */,
				7D480C901DEE60E400F5A716 /* LaunchScreen.storyboard */,
				7D480C931DEE60E400F5A716 /* Info.plist */,
				7D480C8B1DEE60E400F5A716 /* Maps.xcdatamodeld */,
				7D480C7F1DEE60E400F5A716 /* Supporting Files */,
			);
			path = Maps;
			sourceTree = "<group>";
		};
		7D480C7F1DEE60E400F5A716 /* Supporting Files */ = {
			isa = PBXGroup;
			children = (
				7D480C801DEE60E400F5A716 /* main.m */,
			);
			name = "Supporting Files";
			sourceTree = "<group>";
		};
/* End PBXGroup section */

/* Begin PBXNativeTarget section */
		7D480C7B1DEE60E400F5A716 /* Maps */ = {
			isa = PBXNativeTarget;
			buildConfigurationList = 7D480C961DEE60E400F5A716 /* Build configuration list for PBXNativeTarget "Maps" */;
			buildPhases = (
				2FEE323AAD2AA6C46F745BA7 /* [CP] Check Pods Manifest.lock */,
				7D480C781DEE60E400F5A716 /* Sources */,
				7D480C791DEE60E400F5A716 /* Frameworks */,
				7D480C7A1DEE60E400F5A716 /* Resources */,
				BDA743C3FFDD8D7597B3A029 /* [CP] Embed Pods Frameworks */,
				B736D97089FC17D23D34B50B /* [CP] Copy Pods Resources */,
			);
			buildRules = (
			);
			dependencies = (
			);
			name = Maps;
			productName = Maps;
			productReference = 7D480C7C1DEE60E400F5A716 /* Maps.app */;
			productType = "com.apple.product-type.application";
		};
/* End PBXNativeTarget section */

/* Begin PBXProject section */
		7D480C741DEE60E300F5A716 /* Project object */ = {
			isa = PBXProject;
			attributes = {
				LastUpgradeCheck = 0830;
				ORGANIZATIONNAME = sg.onemap;
				TargetAttributes = {
					7D480C7B1DEE60E400F5A716 = {
						CreatedOnToolsVersion = 8.1;
						DevelopmentTeam = XMBQT842D9;
						ProvisioningStyle = Automatic;
					};
				};
			};
			buildConfigurationList = 7D480C771DEE60E300F5A716 /* Build configuration list for PBXProject "Maps" */;
			compatibilityVersion = "Xcode 3.2";
			developmentRegion = English;
			hasScannedForEncodings = 0;
			knownRegions = (
				en,
				Base,
			);
			mainGroup = 7D480C731DEE60E300F5A716;
			productRefGroup = 7D480C7D1DEE60E400F5A716 /* Products */;
			projectDirPath = "";
			projectRoot = "";
			targets = (
				7D480C7B1DEE60E400F5A716 /* Maps */,
			);
		};
/* End PBXProject section */

/* Begin PBXResourcesBuildPhase section */
		7D480C7A1DEE60E400F5A716 /* Resources */ = {
			isa = PBXResourcesBuildPhase;
			buildActionMask = 2147483647;
			files = (
				7D480C921DEE60E400F5A716 /* LaunchScreen.storyboard in Resources */,
				7D480C8F1DEE60E400F5A716 /* Assets.xcassets in Resources */,
				7D480C8A1DEE60E400F5A716 /* Main.storyboard in Resources */,
			);
			runOnlyForDeploymentPostprocessing = 0;
		};
/* End PBXResourcesBuildPhase section */

/* Begin PBXShellScriptBuildPhase section */
		2FEE323AAD2AA6C46F745BA7 /* [CP] Check Pods Manifest.lock */ = {
			isa = PBXShellScriptBuildPhase;
			buildActionMask = 2147483647;
			files = (
			);
			inputPaths = (
				"${PODS_PODFILE_DIR_PATH}/Podfile.lock",
				"${PODS_ROOT}/Manifest.lock",
			);
			name = "[CP] Check Pods Manifest.lock";
			outputPaths = (
				"$(DERIVED_FILE_DIR)/Pods-Maps-checkManifestLockResult.txt",
			);
			runOnlyForDeploymentPostprocessing = 0;
			shellPath = /bin/sh;
			shellScript = "diff \"${PODS_PODFILE_DIR_PATH}/Podfile.lock\" \"${PODS_ROOT}/Manifest.lock\" > /dev/null\nif [ $? != 0 ] ; then\n    # print error to STDERR\n    echo \"error: The sandbox is not in sync with the Podfile.lock. Run 'pod install' or update your CocoaPods installation.\" >&2\n    exit 1\nfi\n# This output is used by Xcode 'outputs' to avoid re-running this script phase.\necho \"SUCCESS\" > \"${SCRIPT_OUTPUT_FILE_0}\"\n";
			showEnvVarsInLog = 0;
		};
		B736D97089FC17D23D34B50B /* [CP] Copy Pods Resources */ = {
			isa = PBXShellScriptBuildPhase;
			buildActionMask = 2147483647;
			files = (
			);
			inputPaths = (
				"${SRCROOT}/Pods/Target Support Files/Pods-Maps/Pods-Maps-resources.sh",
				"${PODS_ROOT}/ArcGIS-Runtime-SDK-iOS/ArcGIS.framework/Versions/Current/Resources/ArcGIS.bundle",
			);
			name = "[CP] Copy Pods Resources";
			outputPaths = (
				"${TARGET_BUILD_DIR}/${UNLOCALIZED_RESOURCES_FOLDER_PATH}",
			);
			runOnlyForDeploymentPostprocessing = 0;
			shellPath = /bin/sh;
			shellScript = "\"${SRCROOT}/Pods/Target Support Files/Pods-Maps/Pods-Maps-resources.sh\"\n";
			showEnvVarsInLog = 0;
		};
		BDA743C3FFDD8D7597B3A029 /* [CP] Embed Pods Frameworks */ = {
			isa = PBXShellScriptBuildPhase;
			buildActionMask = 2147483647;
			files = (
			);
			inputPaths = (
			);
			name = "[CP] Embed Pods Frameworks";
			outputPaths = (
			);
			runOnlyForDeploymentPostprocessing = 0;
			shellPath = /bin/sh;
			shellScript = "\"${SRCROOT}/Pods/Target Support Files/Pods-Maps/Pods-Maps-frameworks.sh\"\n";
			showEnvVarsInLog = 0;
		};
/* End PBXShellScriptBuildPhase section */

/* Begin PBXSourcesBuildPhase section */
		7D480C781DEE60E400F5A716 /* Sources */ = {
			isa = PBXSourcesBuildPhase;
			buildActionMask = 2147483647;
			files = (
				7D480C871DEE60E400F5A716 /* ViewController.m in Sources */,
				7D480C841DEE60E400F5A716 /* AppDelegate.m in Sources */,
				7D480C8D1DEE60E400F5A716 /* Maps.xcdatamodeld in Sources */,
				7D480C811DEE60E400F5A716 /* main.m in Sources */,
			);
			runOnlyForDeploymentPostprocessing = 0;
		};
/* End PBXSourcesBuildPhase section */

/* Begin PBXVariantGroup section */
		7D480C881DEE60E400F5A716 /* Main.storyboard */ = {
			isa = PBXVariantGroup;
			children = (
				7D480C891DEE60E400F5A716 /* Base */,
			);
			name = Main.storyboard;
			sourceTree = "<group>";
		};
		7D480C901DEE60E400F5A716 /* LaunchScreen.storyboard */ = {
			isa = PBXVariantGroup;
			children = (
				7D480C911DEE60E400F5A716 /* Base */,
			);
			name = LaunchScreen.storyboard;
			sourceTree = "<group>";
		};
/* End PBXVariantGroup section */

/* Begin XCBuildConfiguration section */
		7D480C941DEE60E400F5A716 /* Debug */ = {
			isa = XCBuildConfiguration;
			buildSettings = {
				ALWAYS_SEARCH_USER_PATHS = NO;
				CLANG_ANALYZER_NONNULL = YES;
				CLANG_CXX_LANGUAGE_STANDARD = "gnu++0x";
				CLANG_CXX_LIBRARY = "libc++";
				CLANG_ENABLE_MODULES = YES;
				CLANG_ENABLE_OBJC_ARC = YES;
				CLANG_WARN_BOOL_CONVERSION = YES;
				CLANG_WARN_CONSTANT_CONVERSION = YES;
				CLANG_WARN_DIRECT_OBJC_ISA_USAGE = YES_ERROR;
				CLANG_WARN_DOCUMENTATION_COMMENTS = YES;
				CLANG_WARN_EMPTY_BODY = YES;
				CLANG_WARN_ENUM_CONVERSION = YES;
				CLANG_WARN_INFINITE_RECURSION = YES;
				CLANG_WARN_INT_CONVERSION = YES;
				CLANG_WARN_OBJC_ROOT_CLASS = YES_ERROR;
				CLANG_WARN_SUSPICIOUS_MOVE = YES;
				CLANG_WARN_SUSPICIOUS_MOVES = YES;
				CLANG_WARN_UNREACHABLE_CODE = YES;
				CLANG_WARN__DUPLICATE_METHOD_MATCH = YES;
				"CODE_SIGN_IDENTITY[sdk=iphoneos*]" = "iPhone Developer";
				COPY_PHASE_STRIP = NO;
				DEBUG_INFORMATION_FORMAT = dwarf;
				ENABLE_STRICT_OBJC_MSGSEND = YES;
				ENABLE_TESTABILITY = YES;
				GCC_C_LANGUAGE_STANDARD = gnu99;
				GCC_DYNAMIC_NO_PIC = NO;
				GCC_NO_COMMON_BLOCKS = YES;
				GCC_OPTIMIZATION_LEVEL = 0;
				GCC_PREPROCESSOR_DEFINITIONS = (
					"DEBUG=1",
					"$(inherited)",
				);
				GCC_WARN_64_TO_32_BIT_CONVERSION = YES;
				GCC_WARN_ABOUT_RETURN_TYPE = YES_ERROR;
				GCC_WARN_UNDECLARED_SELECTOR = YES;
				GCC_WARN_UNINITIALIZED_AUTOS = YES_AGGRESSIVE;
				GCC_WARN_UNUSED_FUNCTION = YES;
				GCC_WARN_UNUSED_VARIABLE = YES;
				IPHONEOS_DEPLOYMENT_TARGET = 9.0;
				MTL_ENABLE_DEBUG_INFO = YES;
				ONLY_ACTIVE_ARCH = YES;
				SDKROOT = iphoneos;
				TARGETED_DEVICE_FAMILY = "1,2";
			};
			name = Debug;
		};
		7D480C951DEE60E400F5A716 /* Release */ = {
			isa = XCBuildConfiguration;
			buildSettings = {
				ALWAYS_SEARCH_USER_PATHS = NO;
				CLANG_ANALYZER_NONNULL = YES;
				CLANG_CXX_LANGUAGE_STANDARD = "gnu++0x";
				CLANG_CXX_LIBRARY = "libc++";
				CLANG_ENABLE_MODULES = YES;
				CLANG_ENABLE_OBJC_ARC = YES;
				CLANG_WARN_BOOL_CONVERSION = YES;
				CLANG_WARN_CONSTANT_CONVERSION = YES;
				CLANG_WARN_DIRECT_OBJC_ISA_USAGE = YES_ERROR;
				CLANG_WARN_DOCUMENTATION_COMMENTS = YES;
				CLANG_WARN_EMPTY_BODY = YES;
				CLANG_WARN_ENUM_CONVERSION = YES;
				CLANG_WARN_INFINITE_RECURSION = YES;
				CLANG_WARN_INT_CONVERSION = YES;
				CLANG_WARN_OBJC_ROOT_CLASS = YES_ERROR;
				CLANG_WARN_SUSPICIOUS_MOVE = YES;
				CLANG_WARN_SUSPICIOUS_MOVES = YES;
				CLANG_WARN_UNREACHABLE_CODE = YES;
				CLANG_WARN__DUPLICATE_METHOD_MATCH = YES;
				"CODE_SIGN_IDENTITY[sdk=iphoneos*]" = "iPhone Developer";
				COPY_PHASE_STRIP = NO;
				DEBUG_INFORMATION_FORMAT = "dwarf-with-dsym";
				ENABLE_NS_ASSERTIONS = NO;
				ENABLE_STRICT_OBJC_MSGSEND = YES;
				GCC_C_LANGUAGE_STANDARD = gnu99;
				GCC_NO_COMMON_BLOCKS = YES;
				GCC_WARN_64_TO_32_BIT_CONVERSION = YES;
				GCC_WARN_ABOUT_RETURN_TYPE = YES_ERROR;
				GCC_WARN_UNDECLARED_SELECTOR = YES;
				GCC_WARN_UNINITIALIZED_AUTOS = YES_AGGRESSIVE;
				GCC_WARN_UNUSED_FUNCTION = YES;
				GCC_WARN_UNUSED_VARIABLE = YES;
				IPHONEOS_DEPLOYMENT_TARGET = 9.0;
				MTL_ENABLE_DEBUG_INFO = NO;
				SDKROOT = iphoneos;
				TARGETED_DEVICE_FAMILY = "1,2";
				VALIDATE_PRODUCT = YES;
			};
			name = Release;
		};
		7D480C971DEE60E400F5A716 /* Debug */ = {
			isa = XCBuildConfiguration;
			baseConfigurationReference = 0DEDA8B9BD7F8AC6F0DA69FE /* Pods-Maps.debug.xcconfig */;
			buildSettings = {
				ASSETCATALOG_COMPILER_APPICON_NAME = AppIcon;
				DEVELOPMENT_TEAM = XMBQT842D9;
				INFOPLIST_FILE = Maps/Info.plist;
				LD_RUNPATH_SEARCH_PATHS = "$(inherited) @executable_path/Frameworks";
				PRODUCT_BUNDLE_IDENTIFIER = sg.onemap.examples.ios.arcgis.maps;
				PRODUCT_NAME = "$(TARGET_NAME)";
			};
			name = Debug;
		};
		7D480C981DEE60E400F5A716 /* Release */ = {
			isa = XCBuildConfiguration;
			baseConfigurationReference = C50F939751A180A997F3B8A8 /* Pods-Maps.release.xcconfig */;
			buildSettings = {
				ASSETCATALOG_COMPILER_APPICON_NAME = AppIcon;
				DEVELOPMENT_TEAM = XMBQT842D9;
				INFOPLIST_FILE = Maps/Info.plist;
				LD_RUNPATH_SEARCH_PATHS = "$(inherited) @executable_path/Frameworks";
				PRODUCT_BUNDLE_IDENTIFIER = sg.onemap.examples.ios.arcgis.maps;
				PRODUCT_NAME = "$(TARGET_NAME)";
			};
			name = Release;
		};
/* End XCBuildConfiguration section */

/* Begin XCConfigurationList section */
		7D480C771DEE60E300F5A716 /* Build configuration list for PBXProject "Maps" */ = {
			isa = XCConfigurationList;
			buildConfigurations = (
				7D480C941DEE60E400F5A716 /* Debug */,
				7D480C951DEE60E400F5A716 /* Release */,
			);
			defaultConfigurationIsVisible = 0;
			defaultConfigurationName = Release;
		};
		7D480C961DEE60E400F5A716 /* Build configuration list for PBXNativeTarget "Maps" */ = {
			isa = XCConfigurationList;
			buildConfigurations = (
				7D480C971DEE60E400F5A716 /* Debug */,
				7D480C981DEE60E400F5A716 /* Release */,
			);
			defaultConfigurationIsVisible = 0;
			defaultConfigurationName = Release;
		};
/* End XCConfigurationList section */

/* Begin XCVersionGroup section */
		7D480C8B1DEE60E400F5A716 /* Maps.xcdatamodeld */ = {
			isa = XCVersionGroup;
			children = (
				7D480C8C1DEE60E400F5A716 /* Maps.xcdatamodel */,
			);
			currentVersion = 7D480C8C1DEE60E400F5A716 /* Maps.xcdatamodel */;
			path = Maps.xcdatamodeld;
			sourceTree = "<group>";
			versionGroupType = wrapper.xcdatamodel;
		};
/* End XCVersionGroup section */
	};
	rootObject = 7D480C741DEE60E300F5A716 /* Project object */;
}
